
Microsoft Visual Studio Solution File, Format Version 12.00
# Visual Studio Version 16
VisualStudioVersion = 16.0.31424.327
MinimumVisualStudioVersion = 10.0.40219.1
Project("{FAE04EC0-301F-11D3-BF4B-00C04F79EFBC}") = "ReverseStrings", "ReverseStrings\ReverseStrings.csproj", "{376F73FA-A98C-4CA5-9245-AD132E0BD850}"
EndProject
Project("{FAE04EC0-301F-11D3-BF4B-00C04F79EFBC}") = "RepeatStrings", "RepeatStrings\RepeatStrings.csproj", "{0222E719-B832-4C36-A98B-A0BD1F2DD714}"
EndProject
Project("{FAE04EC0-301F-11D3-BF4B-00C04F79EFBC}") = "Substring", "Substring\Substring.csproj", "{61EC8C12-FB05-4A0D-8923-77B51BE5A672}"
EndProject
Project("{FAE04EC0-301F-11D3-BF4B-00C04F79EFBC}") = "TextFilter", "TextFilter\TextFilter.csproj", "{0419DEB8-1B67-424E-B774-4C52CBE340A0}"
EndProject
Project("{FAE04EC0-301F-11D3-BF4B-00C04F79EFBC}") = "DigitsLettersOther", "DigitsLettersOther\DigitsLettersOther.csproj", "{5DC3728D-5AAC-46A1-9F1D-4F738B0E5E1C}"
EndProject
Global
	GlobalSection(SolutionConfigurationPlatforms) = preSolution
		Debug|Any CPU = Debug|Any CPU
		Release|Any CPU = Release|Any CPU
	EndGlobalSection
	GlobalSection(ProjectConfigurationPlatforms) = postSolution
		{376F73FA-A98C-4CA5-9245-AD132E0BD850}.Debug|Any CPU.ActiveCfg = Debug|Any CPU
		{376F73FA-A98C-4CA5-9245-AD132E0BD850}.Debug|Any CPU.Build.0 = Debug|Any CPU
		{376F73FA-A98C-4CA5-9245-AD132E0BD850}.Release|Any CPU.ActiveCfg = Release|Any CPU
		{376F73FA-A98C-4CA5-9245-AD132E0BD850}.Release|Any CPU.Build.0 = Release|Any CPU
		{0222E719-B832-4C36-A98B-A0BD1F2DD714}.Debug|Any CPU.ActiveCfg = Debug|Any CPU
		{0222E719-B832-4C36-A98B-A0BD1F2DD714}.Debug|Any CPU.Build.0 = Debug|Any CPU
		{0222E719-B832-4C36-A98B-A0BD1F2DD714}.Release|Any CPU.ActiveCfg = Release|Any CPU
		{0222E719-B832-4C36-A98B-A0BD1F2DD714}.Release|Any CPU.Build.0 = Release|Any CPU
		{61EC8C12-FB05-4A0D-8923-77B51BE5A672}.Debug|Any CPU.ActiveCfg = Debug|Any CPU
		{61EC8C12-FB05-4A0D-8923-77B51BE5A672}.Debug|Any CPU.Build.0 = Debug|Any CPU
		{61EC8C12-FB05-4A0D-8923-77B51BE5A672}.Release|Any CPU.ActiveCfg = Release|Any CPU
		{61EC8C12-FB05-4A0D-8923-77B51BE5A672}.Release|Any CPU.Build.0 = Release|Any CPU
		{0419DEB8-1B67-424E-B774-4C52CBE340A0}.Debug|Any CPU.ActiveCfg = Debug|Any CPU
		{0419DEB8-1B67-424E-B774-4C52CBE340A0}.Debug|Any CPU.Build.0 = Debug|Any CPU
		{0419DEB8-1B67-424E-B774-4C52CBE340A0}.Release|Any CPU.ActiveCfg = Release|Any CPU
		{0419DEB8-1B67-424E-B774-4C52CBE340A0}.Release|Any CPU.Build.0 = Release|Any CPU
		{5DC3728D-5AAC-46A1-9F1D-4F738B0E5E1C}.Debug|Any CPU.ActiveCfg = Debug|Any CPU
		{5DC3728D-5AAC-46A1-9F1D-4F738B0E5E1C}.Debug|Any CPU.Build.0 = Debug|Any CPU
		{5DC3728D-5AAC-46A1-9F1D-4F738B0E5E1C}.Release|Any CPU.ActiveCfg = Release|Any CPU
		{5DC3728D-5AAC-46A1-9F1D-4F738B0E5E1C}.Release|Any CPU.Build.0 = Release|Any CPU
	EndGlobalSection
	GlobalSection(SolutionProperties) = preSolution
		HideSolutionNode = FALSE
	EndGlobalSection
	GlobalSection(ExtensibilityGlobals) = postSolution
		SolutionGuid = {F99D4CC6-1F71-43D1-A118-875E4765C2F1}
	EndGlobalSection
EndGlobal
