
Microsoft Visual Studio Solution File, Format Version 12.00
# Visual Studio Version 16
VisualStudioVersion = 16.0.31729.503
MinimumVisualStudioVersion = 10.0.40219.1
Project("{FAE04EC0-301F-11D3-BF4B-00C04F79EFBC}") = "Persons", "Persons\Persons.csproj", "{8B0B83F4-6A93-458E-B8C2-62B21E58825D}"
EndProject
Project("{FAE04EC0-301F-11D3-BF4B-00C04F79EFBC}") = "SalaryIncrease", "SalaryIncrease\SalaryIncrease.csproj", "{480A6961-40B3-48A5-944E-E1AE1446F24D}"
EndProject
Project("{FAE04EC0-301F-11D3-BF4B-00C04F79EFBC}") = "ValidationOfData", "ValidationOfData\ValidationOfData.csproj", "{6055F578-DBCA-47B3-8B77-9719A3B114B9}"
EndProject
Project("{FAE04EC0-301F-11D3-BF4B-00C04F79EFBC}") = "FirstAndReserveTeam", "FirstAndReserveTeam\FirstAndReserveTeam.csproj", "{6066AE68-B62E-4D70-A866-A2F19C96EE96}"
EndProject
Global
	GlobalSection(SolutionConfigurationPlatforms) = preSolution
		Debug|Any CPU = Debug|Any CPU
		Release|Any CPU = Release|Any CPU
	EndGlobalSection
	GlobalSection(ProjectConfigurationPlatforms) = postSolution
		{8B0B83F4-6A93-458E-B8C2-62B21E58825D}.Debug|Any CPU.ActiveCfg = Debug|Any CPU
		{8B0B83F4-6A93-458E-B8C2-62B21E58825D}.Debug|Any CPU.Build.0 = Debug|Any CPU
		{8B0B83F4-6A93-458E-B8C2-62B21E58825D}.Release|Any CPU.ActiveCfg = Release|Any CPU
		{8B0B83F4-6A93-458E-B8C2-62B21E58825D}.Release|Any CPU.Build.0 = Release|Any CPU
		{480A6961-40B3-48A5-944E-E1AE1446F24D}.Debug|Any CPU.ActiveCfg = Debug|Any CPU
		{480A6961-40B3-48A5-944E-E1AE1446F24D}.Debug|Any CPU.Build.0 = Debug|Any CPU
		{480A6961-40B3-48A5-944E-E1AE1446F24D}.Release|Any CPU.ActiveCfg = Release|Any CPU
		{480A6961-40B3-48A5-944E-E1AE1446F24D}.Release|Any CPU.Build.0 = Release|Any CPU
		{6055F578-DBCA-47B3-8B77-9719A3B114B9}.Debug|Any CPU.ActiveCfg = Debug|Any CPU
		{6055F578-DBCA-47B3-8B77-9719A3B114B9}.Debug|Any CPU.Build.0 = Debug|Any CPU
		{6055F578-DBCA-47B3-8B77-9719A3B114B9}.Release|Any CPU.ActiveCfg = Release|Any CPU
		{6055F578-DBCA-47B3-8B77-9719A3B114B9}.Release|Any CPU.Build.0 = Release|Any CPU
		{6066AE68-B62E-4D70-A866-A2F19C96EE96}.Debug|Any CPU.ActiveCfg = Debug|Any CPU
		{6066AE68-B62E-4D70-A866-A2F19C96EE96}.Debug|Any CPU.Build.0 = Debug|Any CPU
		{6066AE68-B62E-4D70-A866-A2F19C96EE96}.Release|Any CPU.ActiveCfg = Release|Any CPU
		{6066AE68-B62E-4D70-A866-A2F19C96EE96}.Release|Any CPU.Build.0 = Release|Any CPU
	EndGlobalSection
	GlobalSection(SolutionProperties) = preSolution
		HideSolutionNode = FALSE
	EndGlobalSection
	GlobalSection(ExtensibilityGlobals) = postSolution
		SolutionGuid = {0DDF2126-BA96-41F0-A60F-7873C8E22B28}
	EndGlobalSection
EndGlobal
