
Microsoft Visual Studio Solution File, Format Version 12.00
# Visual Studio Version 16
VisualStudioVersion = 16.0.31727.386
MinimumVisualStudioVersion = 10.0.40219.1
Project("{FAE04EC0-301F-11D3-BF4B-00C04F79EFBC}") = "Masterchef", "Masterchef\Masterchef.csproj", "{7E3577F6-4B20-4119-A7F0-6F2C0C0441E3}"
EndProject
Project("{FAE04EC0-301F-11D3-BF4B-00C04F79EFBC}") = "TheBattleOfTheFiveArmies", "TheBattleOfTheFiveArmies\TheBattleOfTheFiveArmies.csproj", "{C06B3F5E-289B-4E87-A03F-627A99D01D82}"
EndProject
Project("{9A19103F-16F7-4668-BE54-9A1E7A4F7556}") = "StreetRacing", "StreetRacing\StreetRacing.csproj", "{A28F3B60-7D71-45BD-98B2-2C7E2DBE4B14}"
EndProject
Global
	GlobalSection(SolutionConfigurationPlatforms) = preSolution
		Debug|Any CPU = Debug|Any CPU
		Release|Any CPU = Release|Any CPU
	EndGlobalSection
	GlobalSection(ProjectConfigurationPlatforms) = postSolution
		{7E3577F6-4B20-4119-A7F0-6F2C0C0441E3}.Debug|Any CPU.ActiveCfg = Debug|Any CPU
		{7E3577F6-4B20-4119-A7F0-6F2C0C0441E3}.Debug|Any CPU.Build.0 = Debug|Any CPU
		{7E3577F6-4B20-4119-A7F0-6F2C0C0441E3}.Release|Any CPU.ActiveCfg = Release|Any CPU
		{7E3577F6-4B20-4119-A7F0-6F2C0C0441E3}.Release|Any CPU.Build.0 = Release|Any CPU
		{C06B3F5E-289B-4E87-A03F-627A99D01D82}.Debug|Any CPU.ActiveCfg = Debug|Any CPU
		{C06B3F5E-289B-4E87-A03F-627A99D01D82}.Debug|Any CPU.Build.0 = Debug|Any CPU
		{C06B3F5E-289B-4E87-A03F-627A99D01D82}.Release|Any CPU.ActiveCfg = Release|Any CPU
		{C06B3F5E-289B-4E87-A03F-627A99D01D82}.Release|Any CPU.Build.0 = Release|Any CPU
		{A28F3B60-7D71-45BD-98B2-2C7E2DBE4B14}.Debug|Any CPU.ActiveCfg = Debug|Any CPU
		{A28F3B60-7D71-45BD-98B2-2C7E2DBE4B14}.Debug|Any CPU.Build.0 = Debug|Any CPU
		{A28F3B60-7D71-45BD-98B2-2C7E2DBE4B14}.Release|Any CPU.ActiveCfg = Release|Any CPU
		{A28F3B60-7D71-45BD-98B2-2C7E2DBE4B14}.Release|Any CPU.Build.0 = Release|Any CPU
	EndGlobalSection
	GlobalSection(SolutionProperties) = preSolution
		HideSolutionNode = FALSE
	EndGlobalSection
	GlobalSection(ExtensibilityGlobals) = postSolution
		SolutionGuid = {C590023F-31B2-4835-9FAE-2119E157B814}
	EndGlobalSection
EndGlobal
