
Microsoft Visual Studio Solution File, Format Version 12.00
# Visual Studio Version 16
VisualStudioVersion = 16.0.31729.503
MinimumVisualStudioVersion = 10.0.40219.1
Project("{FAE04EC0-301F-11D3-BF4B-00C04F79EFBC}") = "Demos", "Demos\Demos.csproj", "{7B5CC3C1-69A7-48F7-B3D2-08ACEDA84852}"
EndProject
Project("{FAE04EC0-301F-11D3-BF4B-00C04F79EFBC}") = "Shapes", "Shapes\Shapes.csproj", "{7F7A18F0-8AB0-4D58-A7E1-A3BF7550DD64}"
EndProject
Project("{FAE04EC0-301F-11D3-BF4B-00C04F79EFBC}") = "Cars", "Cars\Cars.csproj", "{1BB1EE5B-699E-4D99-891A-75CDDBF07DC2}"
EndProject
Global
	GlobalSection(SolutionConfigurationPlatforms) = preSolution
		Debug|Any CPU = Debug|Any CPU
		Release|Any CPU = Release|Any CPU
	EndGlobalSection
	GlobalSection(ProjectConfigurationPlatforms) = postSolution
		{7B5CC3C1-69A7-48F7-B3D2-08ACEDA84852}.Debug|Any CPU.ActiveCfg = Debug|Any CPU
		{7B5CC3C1-69A7-48F7-B3D2-08ACEDA84852}.Debug|Any CPU.Build.0 = Debug|Any CPU
		{7B5CC3C1-69A7-48F7-B3D2-08ACEDA84852}.Release|Any CPU.ActiveCfg = Release|Any CPU
		{7B5CC3C1-69A7-48F7-B3D2-08ACEDA84852}.Release|Any CPU.Build.0 = Release|Any CPU
		{7F7A18F0-8AB0-4D58-A7E1-A3BF7550DD64}.Debug|Any CPU.ActiveCfg = Debug|Any CPU
		{7F7A18F0-8AB0-4D58-A7E1-A3BF7550DD64}.Debug|Any CPU.Build.0 = Debug|Any CPU
		{7F7A18F0-8AB0-4D58-A7E1-A3BF7550DD64}.Release|Any CPU.ActiveCfg = Release|Any CPU
		{7F7A18F0-8AB0-4D58-A7E1-A3BF7550DD64}.Release|Any CPU.Build.0 = Release|Any CPU
		{1BB1EE5B-699E-4D99-891A-75CDDBF07DC2}.Debug|Any CPU.ActiveCfg = Debug|Any CPU
		{1BB1EE5B-699E-4D99-891A-75CDDBF07DC2}.Debug|Any CPU.Build.0 = Debug|Any CPU
		{1BB1EE5B-699E-4D99-891A-75CDDBF07DC2}.Release|Any CPU.ActiveCfg = Release|Any CPU
		{1BB1EE5B-699E-4D99-891A-75CDDBF07DC2}.Release|Any CPU.Build.0 = Release|Any CPU
	EndGlobalSection
	GlobalSection(SolutionProperties) = preSolution
		HideSolutionNode = FALSE
	EndGlobalSection
	GlobalSection(ExtensibilityGlobals) = postSolution
		SolutionGuid = {F1293021-7956-4A6B-B0B1-6F46C782EF62}
	EndGlobalSection
EndGlobal
