
Microsoft Visual Studio Solution File, Format Version 12.00
# Visual Studio Version 16
VisualStudioVersion = 16.0.30621.155
MinimumVisualStudioVersion = 10.0.40219.1
Project("{FAE04EC0-301F-11D3-BF4B-00C04F79EFBC}") = "HelloSoftUni", "HelloSoftUni\HelloSoftUni.csproj", "{CD618D7D-1406-4857-9E4B-8775785905A4}"
EndProject
Global
	GlobalSection(SolutionConfigurationPlatforms) = preSolution
		Debug|Any CPU = Debug|Any CPU
		Release|Any CPU = Release|Any CPU
	EndGlobalSection
	GlobalSection(ProjectConfigurationPlatforms) = postSolution
		{CD618D7D-1406-4857-9E4B-8775785905A4}.Debug|Any CPU.ActiveCfg = Debug|Any CPU
		{CD618D7D-1406-4857-9E4B-8775785905A4}.Debug|Any CPU.Build.0 = Debug|Any CPU
		{CD618D7D-1406-4857-9E4B-8775785905A4}.Release|Any CPU.ActiveCfg = Release|Any CPU
		{CD618D7D-1406-4857-9E4B-8775785905A4}.Release|Any CPU.Build.0 = Release|Any CPU
	EndGlobalSection
	GlobalSection(SolutionProperties) = preSolution
		HideSolutionNode = FALSE
	EndGlobalSection
	GlobalSection(ExtensibilityGlobals) = postSolution
		SolutionGuid = {9F7DE94A-1B12-4525-86E7-1DBD07B933DB}
	EndGlobalSection
EndGlobal
