
Microsoft Visual Studio Solution File, Format Version 12.00
# Visual Studio Version 16
VisualStudioVersion = 16.0.31702.278
MinimumVisualStudioVersion = 10.0.40219.1
Project("{9A19103F-16F7-4668-BE54-9A1E7A4F7556}") = "GenericBoxOfString", "GenericBoxOfString\GenericBoxOfString.csproj", "{ABDCDD62-F71C-47FC-A4E5-4D66B59FBBB8}"
EndProject
Project("{9A19103F-16F7-4668-BE54-9A1E7A4F7556}") = "GenericBoxOfInteger", "GenericBoxOfInteger\GenericBoxOfInteger.csproj", "{D5DF2E3C-1D0A-4E3A-A310-3A7401C1F120}"
EndProject
Project("{9A19103F-16F7-4668-BE54-9A1E7A4F7556}") = "GenericSwapMethodStrings", "GenericSwapMethodStrings\GenericSwapMethodStrings.csproj", "{594B127C-8D16-49C2-99FC-0596416FAC4F}"
EndProject
Project("{9A19103F-16F7-4668-BE54-9A1E7A4F7556}") = "GenericSwapMethodIntegers", "GenericSwapMethodIntegers\GenericSwapMethodIntegers.csproj", "{92B682CC-2809-4FDB-8C06-E0B12510F17C}"
EndProject
Project("{9A19103F-16F7-4668-BE54-9A1E7A4F7556}") = "GenericCountMethodStrings", "GenericCountMethodStrings\GenericCountMethodStrings.csproj", "{025AD955-B8F4-4E0B-BC27-27C673F9A5B2}"
EndProject
Project("{9A19103F-16F7-4668-BE54-9A1E7A4F7556}") = "GenericCountMethodDoubles", "GenericCountMethodDoubles\GenericCountMethodDoubles.csproj", "{A85C5203-0283-44BC-BCD4-F0B5C3F621A1}"
EndProject
Project("{FAE04EC0-301F-11D3-BF4B-00C04F79EFBC}") = "Tuple", "Tuple\Tuple.csproj", "{156C2CE0-55C1-477C-9C62-DA1CD0CD4615}"
EndProject
Project("{FAE04EC0-301F-11D3-BF4B-00C04F79EFBC}") = "Threeuple", "Threeuple\Threeuple.csproj", "{880B0F5D-9FD6-4ED6-83C8-669381EA80D7}"
EndProject
Project("{9A19103F-16F7-4668-BE54-9A1E7A4F7556}") = "CustomDoublyLinkedList", "CustomDoublyLinkedList\CustomDoublyLinkedList.csproj", "{EDF16EC1-C155-4D89-84F0-E1B81D85008D}"
EndProject
Global
	GlobalSection(SolutionConfigurationPlatforms) = preSolution
		Debug|Any CPU = Debug|Any CPU
		Release|Any CPU = Release|Any CPU
	EndGlobalSection
	GlobalSection(ProjectConfigurationPlatforms) = postSolution
		{ABDCDD62-F71C-47FC-A4E5-4D66B59FBBB8}.Debug|Any CPU.ActiveCfg = Debug|Any CPU
		{ABDCDD62-F71C-47FC-A4E5-4D66B59FBBB8}.Debug|Any CPU.Build.0 = Debug|Any CPU
		{ABDCDD62-F71C-47FC-A4E5-4D66B59FBBB8}.Release|Any CPU.ActiveCfg = Release|Any CPU
		{ABDCDD62-F71C-47FC-A4E5-4D66B59FBBB8}.Release|Any CPU.Build.0 = Release|Any CPU
		{D5DF2E3C-1D0A-4E3A-A310-3A7401C1F120}.Debug|Any CPU.ActiveCfg = Debug|Any CPU
		{D5DF2E3C-1D0A-4E3A-A310-3A7401C1F120}.Debug|Any CPU.Build.0 = Debug|Any CPU
		{D5DF2E3C-1D0A-4E3A-A310-3A7401C1F120}.Release|Any CPU.ActiveCfg = Release|Any CPU
		{D5DF2E3C-1D0A-4E3A-A310-3A7401C1F120}.Release|Any CPU.Build.0 = Release|Any CPU
		{594B127C-8D16-49C2-99FC-0596416FAC4F}.Debug|Any CPU.ActiveCfg = Debug|Any CPU
		{594B127C-8D16-49C2-99FC-0596416FAC4F}.Debug|Any CPU.Build.0 = Debug|Any CPU
		{594B127C-8D16-49C2-99FC-0596416FAC4F}.Release|Any CPU.ActiveCfg = Release|Any CPU
		{594B127C-8D16-49C2-99FC-0596416FAC4F}.Release|Any CPU.Build.0 = Release|Any CPU
		{92B682CC-2809-4FDB-8C06-E0B12510F17C}.Debug|Any CPU.ActiveCfg = Debug|Any CPU
		{92B682CC-2809-4FDB-8C06-E0B12510F17C}.Debug|Any CPU.Build.0 = Debug|Any CPU
		{92B682CC-2809-4FDB-8C06-E0B12510F17C}.Release|Any CPU.ActiveCfg = Release|Any CPU
		{92B682CC-2809-4FDB-8C06-E0B12510F17C}.Release|Any CPU.Build.0 = Release|Any CPU
		{025AD955-B8F4-4E0B-BC27-27C673F9A5B2}.Debug|Any CPU.ActiveCfg = Debug|Any CPU
		{025AD955-B8F4-4E0B-BC27-27C673F9A5B2}.Debug|Any CPU.Build.0 = Debug|Any CPU
		{025AD955-B8F4-4E0B-BC27-27C673F9A5B2}.Release|Any CPU.ActiveCfg = Release|Any CPU
		{025AD955-B8F4-4E0B-BC27-27C673F9A5B2}.Release|Any CPU.Build.0 = Release|Any CPU
		{A85C5203-0283-44BC-BCD4-F0B5C3F621A1}.Debug|Any CPU.ActiveCfg = Debug|Any CPU
		{A85C5203-0283-44BC-BCD4-F0B5C3F621A1}.Debug|Any CPU.Build.0 = Debug|Any CPU
		{A85C5203-0283-44BC-BCD4-F0B5C3F621A1}.Release|Any CPU.ActiveCfg = Release|Any CPU
		{A85C5203-0283-44BC-BCD4-F0B5C3F621A1}.Release|Any CPU.Build.0 = Release|Any CPU
		{156C2CE0-55C1-477C-9C62-DA1CD0CD4615}.Debug|Any CPU.ActiveCfg = Debug|Any CPU
		{156C2CE0-55C1-477C-9C62-DA1CD0CD4615}.Debug|Any CPU.Build.0 = Debug|Any CPU
		{156C2CE0-55C1-477C-9C62-DA1CD0CD4615}.Release|Any CPU.ActiveCfg = Release|Any CPU
		{156C2CE0-55C1-477C-9C62-DA1CD0CD4615}.Release|Any CPU.Build.0 = Release|Any CPU
		{880B0F5D-9FD6-4ED6-83C8-669381EA80D7}.Debug|Any CPU.ActiveCfg = Debug|Any CPU
		{880B0F5D-9FD6-4ED6-83C8-669381EA80D7}.Debug|Any CPU.Build.0 = Debug|Any CPU
		{880B0F5D-9FD6-4ED6-83C8-669381EA80D7}.Release|Any CPU.ActiveCfg = Release|Any CPU
		{880B0F5D-9FD6-4ED6-83C8-669381EA80D7}.Release|Any CPU.Build.0 = Release|Any CPU
		{EDF16EC1-C155-4D89-84F0-E1B81D85008D}.Debug|Any CPU.ActiveCfg = Debug|Any CPU
		{EDF16EC1-C155-4D89-84F0-E1B81D85008D}.Debug|Any CPU.Build.0 = Debug|Any CPU
		{EDF16EC1-C155-4D89-84F0-E1B81D85008D}.Release|Any CPU.ActiveCfg = Release|Any CPU
		{EDF16EC1-C155-4D89-84F0-E1B81D85008D}.Release|Any CPU.Build.0 = Release|Any CPU
	EndGlobalSection
	GlobalSection(SolutionProperties) = preSolution
		HideSolutionNode = FALSE
	EndGlobalSection
	GlobalSection(ExtensibilityGlobals) = postSolution
		SolutionGuid = {57297627-CDC9-466F-860D-F8B0D63F2156}
	EndGlobalSection
EndGlobal
