
Microsoft Visual Studio Solution File, Format Version 12.00
# Visual Studio Version 16
VisualStudioVersion = 16.0.31313.79
MinimumVisualStudioVersion = 10.0.40219.1
Project("{FAE04EC0-301F-11D3-BF4B-00C04F79EFBC}") = "SortNumbers", "SortNumbers\SortNumbers.csproj", "{40CD7805-E072-463F-82F7-9D8905F7FEC9}"
EndProject
Project("{FAE04EC0-301F-11D3-BF4B-00C04F79EFBC}") = "EnglishNameOfLastDigit", "EnglishNameOfLastDigit\EnglishNameOfLastDigit.csproj", "{190E7353-7D10-4CBA-87FD-6119A9FE98F2}"
EndProject
Project("{FAE04EC0-301F-11D3-BF4B-00C04F79EFBC}") = "GamingStore", "GamingStore\GamingStore.csproj", "{49D10D8D-99E3-48D7-8BCC-3426280FC2D6}"
EndProject
Project("{FAE04EC0-301F-11D3-BF4B-00C04F79EFBC}") = "ReverseString", "ReverseString\ReverseString.csproj", "{8D928E9E-05C4-4D0C-8517-F08132B16A74}"
EndProject
Project("{FAE04EC0-301F-11D3-BF4B-00C04F79EFBC}") = "Messages", "Messages\Messages.csproj", "{266ABCCB-9212-4707-AC06-23A2D2E0E2E6}"
EndProject
Global
	GlobalSection(SolutionConfigurationPlatforms) = preSolution
		Debug|Any CPU = Debug|Any CPU
		Release|Any CPU = Release|Any CPU
	EndGlobalSection
	GlobalSection(ProjectConfigurationPlatforms) = postSolution
		{40CD7805-E072-463F-82F7-9D8905F7FEC9}.Debug|Any CPU.ActiveCfg = Debug|Any CPU
		{40CD7805-E072-463F-82F7-9D8905F7FEC9}.Debug|Any CPU.Build.0 = Debug|Any CPU
		{40CD7805-E072-463F-82F7-9D8905F7FEC9}.Release|Any CPU.ActiveCfg = Release|Any CPU
		{40CD7805-E072-463F-82F7-9D8905F7FEC9}.Release|Any CPU.Build.0 = Release|Any CPU
		{190E7353-7D10-4CBA-87FD-6119A9FE98F2}.Debug|Any CPU.ActiveCfg = Debug|Any CPU
		{190E7353-7D10-4CBA-87FD-6119A9FE98F2}.Debug|Any CPU.Build.0 = Debug|Any CPU
		{190E7353-7D10-4CBA-87FD-6119A9FE98F2}.Release|Any CPU.ActiveCfg = Release|Any CPU
		{190E7353-7D10-4CBA-87FD-6119A9FE98F2}.Release|Any CPU.Build.0 = Release|Any CPU
		{49D10D8D-99E3-48D7-8BCC-3426280FC2D6}.Debug|Any CPU.ActiveCfg = Debug|Any CPU
		{49D10D8D-99E3-48D7-8BCC-3426280FC2D6}.Debug|Any CPU.Build.0 = Debug|Any CPU
		{49D10D8D-99E3-48D7-8BCC-3426280FC2D6}.Release|Any CPU.ActiveCfg = Release|Any CPU
		{49D10D8D-99E3-48D7-8BCC-3426280FC2D6}.Release|Any CPU.Build.0 = Release|Any CPU
		{8D928E9E-05C4-4D0C-8517-F08132B16A74}.Debug|Any CPU.ActiveCfg = Debug|Any CPU
		{8D928E9E-05C4-4D0C-8517-F08132B16A74}.Debug|Any CPU.Build.0 = Debug|Any CPU
		{8D928E9E-05C4-4D0C-8517-F08132B16A74}.Release|Any CPU.ActiveCfg = Release|Any CPU
		{8D928E9E-05C4-4D0C-8517-F08132B16A74}.Release|Any CPU.Build.0 = Release|Any CPU
		{266ABCCB-9212-4707-AC06-23A2D2E0E2E6}.Debug|Any CPU.ActiveCfg = Debug|Any CPU
		{266ABCCB-9212-4707-AC06-23A2D2E0E2E6}.Debug|Any CPU.Build.0 = Debug|Any CPU
		{266ABCCB-9212-4707-AC06-23A2D2E0E2E6}.Release|Any CPU.ActiveCfg = Release|Any CPU
		{266ABCCB-9212-4707-AC06-23A2D2E0E2E6}.Release|Any CPU.Build.0 = Release|Any CPU
	EndGlobalSection
	GlobalSection(SolutionProperties) = preSolution
		HideSolutionNode = FALSE
	EndGlobalSection
	GlobalSection(ExtensibilityGlobals) = postSolution
		SolutionGuid = {606F95A8-F095-4584-97CB-6C6F71DD12AE}
	EndGlobalSection
EndGlobal
