
Microsoft Visual Studio Solution File, Format Version 12.00
# Visual Studio Version 16
VisualStudioVersion = 16.0.31313.79
MinimumVisualStudioVersion = 10.0.40219.1
Project("{9A19103F-16F7-4668-BE54-9A1E7A4F7556}") = "ConvertMeters2Kilometers", "ConvertMeters2Kilometers\ConvertMeters2Kilometers.csproj", "{7A232972-D270-4513-8C9F-BB4C19DD9C43}"
EndProject
Project("{9A19103F-16F7-4668-BE54-9A1E7A4F7556}") = "PoundsToDollars", "PoundsToDollars\PoundsToDollars.csproj", "{A1B3EA26-13EA-4317-AA84-424F5B1862F3}"
EndProject
Project("{9A19103F-16F7-4668-BE54-9A1E7A4F7556}") = "ExactSumOfRealNumbers", "ExactSumOfRealNumbers\ExactSumOfRealNumbers.csproj", "{A9351893-DA43-4471-88AF-82C183E45A8C}"
EndProject
Project("{FAE04EC0-301F-11D3-BF4B-00C04F79EFBC}") = "PrintAndSum", "PrintAndSum\PrintAndSum.csproj", "{81B149CD-74B4-49CC-A9A5-CFC9C44BFEA8}"
EndProject
Project("{FAE04EC0-301F-11D3-BF4B-00C04F79EFBC}") = "CenturiesToMinutes", "CenturiesToMinutes\CenturiesToMinutes.csproj", "{6E3FA48C-67C7-4931-9616-E3C384712953}"
EndProject
Project("{FAE04EC0-301F-11D3-BF4B-00C04F79EFBC}") = "SpecialNumbers", "SpecialNumbers\SpecialNumbers.csproj", "{D9636BE1-60FE-4AC6-BE5F-AF52510936F3}"
EndProject
Project("{FAE04EC0-301F-11D3-BF4B-00C04F79EFBC}") = "ReversedChars", "ReversedChars\ReversedChars.csproj", "{E028B3BA-3358-4659-9501-D7320F778162}"
EndProject
Project("{FAE04EC0-301F-11D3-BF4B-00C04F79EFBC}") = "ConcatNames", "ConcatNames\ConcatNames.csproj", "{32A401DF-32F2-4829-9936-0C87493DF5A7}"
EndProject
Project("{FAE04EC0-301F-11D3-BF4B-00C04F79EFBC}") = "TownInfo", "TownInfo\TownInfo.csproj", "{F52F993E-0CD7-4367-AFBC-D324E456924B}"
EndProject
Project("{FAE04EC0-301F-11D3-BF4B-00C04F79EFBC}") = "CharsToString", "CharsToString\CharsToString.csproj", "{52E402C2-0752-42E6-AEC7-BC19CF0DC2BA}"
EndProject
Project("{FAE04EC0-301F-11D3-BF4B-00C04F79EFBC}") = "LowerOrUpper", "LowerOrUpper\LowerOrUpper.csproj", "{B25696BD-5281-4F35-A8A0-FF465F80EB82}"
EndProject
Project("{FAE04EC0-301F-11D3-BF4B-00C04F79EFBC}") = "RefactorVolumeOfPyramid", "RefactorVolumeOfPyramid\RefactorVolumeOfPyramid.csproj", "{92512A4E-E8CC-431A-B295-459D53E11FAE}"
EndProject
Project("{FAE04EC0-301F-11D3-BF4B-00C04F79EFBC}") = "RefactorSpecialNumbers", "RefactorSpecialNumbers\RefactorSpecialNumbers.csproj", "{CEFCCDB1-6AD0-49A7-8A3B-E3C873BA61CC}"
EndProject
Global
	GlobalSection(SolutionConfigurationPlatforms) = preSolution
		Debug|Any CPU = Debug|Any CPU
		Release|Any CPU = Release|Any CPU
	EndGlobalSection
	GlobalSection(ProjectConfigurationPlatforms) = postSolution
		{7A232972-D270-4513-8C9F-BB4C19DD9C43}.Debug|Any CPU.ActiveCfg = Debug|Any CPU
		{7A232972-D270-4513-8C9F-BB4C19DD9C43}.Debug|Any CPU.Build.0 = Debug|Any CPU
		{7A232972-D270-4513-8C9F-BB4C19DD9C43}.Release|Any CPU.ActiveCfg = Release|Any CPU
		{7A232972-D270-4513-8C9F-BB4C19DD9C43}.Release|Any CPU.Build.0 = Release|Any CPU
		{A1B3EA26-13EA-4317-AA84-424F5B1862F3}.Debug|Any CPU.ActiveCfg = Debug|Any CPU
		{A1B3EA26-13EA-4317-AA84-424F5B1862F3}.Debug|Any CPU.Build.0 = Debug|Any CPU
		{A1B3EA26-13EA-4317-AA84-424F5B1862F3}.Release|Any CPU.ActiveCfg = Release|Any CPU
		{A1B3EA26-13EA-4317-AA84-424F5B1862F3}.Release|Any CPU.Build.0 = Release|Any CPU
		{A9351893-DA43-4471-88AF-82C183E45A8C}.Debug|Any CPU.ActiveCfg = Debug|Any CPU
		{A9351893-DA43-4471-88AF-82C183E45A8C}.Debug|Any CPU.Build.0 = Debug|Any CPU
		{A9351893-DA43-4471-88AF-82C183E45A8C}.Release|Any CPU.ActiveCfg = Release|Any CPU
		{A9351893-DA43-4471-88AF-82C183E45A8C}.Release|Any CPU.Build.0 = Release|Any CPU
		{81B149CD-74B4-49CC-A9A5-CFC9C44BFEA8}.Debug|Any CPU.ActiveCfg = Debug|Any CPU
		{81B149CD-74B4-49CC-A9A5-CFC9C44BFEA8}.Debug|Any CPU.Build.0 = Debug|Any CPU
		{81B149CD-74B4-49CC-A9A5-CFC9C44BFEA8}.Release|Any CPU.ActiveCfg = Release|Any CPU
		{81B149CD-74B4-49CC-A9A5-CFC9C44BFEA8}.Release|Any CPU.Build.0 = Release|Any CPU
		{6E3FA48C-67C7-4931-9616-E3C384712953}.Debug|Any CPU.ActiveCfg = Debug|Any CPU
		{6E3FA48C-67C7-4931-9616-E3C384712953}.Debug|Any CPU.Build.0 = Debug|Any CPU
		{6E3FA48C-67C7-4931-9616-E3C384712953}.Release|Any CPU.ActiveCfg = Release|Any CPU
		{6E3FA48C-67C7-4931-9616-E3C384712953}.Release|Any CPU.Build.0 = Release|Any CPU
		{D9636BE1-60FE-4AC6-BE5F-AF52510936F3}.Debug|Any CPU.ActiveCfg = Debug|Any CPU
		{D9636BE1-60FE-4AC6-BE5F-AF52510936F3}.Debug|Any CPU.Build.0 = Debug|Any CPU
		{D9636BE1-60FE-4AC6-BE5F-AF52510936F3}.Release|Any CPU.ActiveCfg = Release|Any CPU
		{D9636BE1-60FE-4AC6-BE5F-AF52510936F3}.Release|Any CPU.Build.0 = Release|Any CPU
		{E028B3BA-3358-4659-9501-D7320F778162}.Debug|Any CPU.ActiveCfg = Debug|Any CPU
		{E028B3BA-3358-4659-9501-D7320F778162}.Debug|Any CPU.Build.0 = Debug|Any CPU
		{E028B3BA-3358-4659-9501-D7320F778162}.Release|Any CPU.ActiveCfg = Release|Any CPU
		{E028B3BA-3358-4659-9501-D7320F778162}.Release|Any CPU.Build.0 = Release|Any CPU
		{32A401DF-32F2-4829-9936-0C87493DF5A7}.Debug|Any CPU.ActiveCfg = Debug|Any CPU
		{32A401DF-32F2-4829-9936-0C87493DF5A7}.Debug|Any CPU.Build.0 = Debug|Any CPU
		{32A401DF-32F2-4829-9936-0C87493DF5A7}.Release|Any CPU.ActiveCfg = Release|Any CPU
		{32A401DF-32F2-4829-9936-0C87493DF5A7}.Release|Any CPU.Build.0 = Release|Any CPU
		{F52F993E-0CD7-4367-AFBC-D324E456924B}.Debug|Any CPU.ActiveCfg = Debug|Any CPU
		{F52F993E-0CD7-4367-AFBC-D324E456924B}.Debug|Any CPU.Build.0 = Debug|Any CPU
		{F52F993E-0CD7-4367-AFBC-D324E456924B}.Release|Any CPU.ActiveCfg = Release|Any CPU
		{F52F993E-0CD7-4367-AFBC-D324E456924B}.Release|Any CPU.Build.0 = Release|Any CPU
		{52E402C2-0752-42E6-AEC7-BC19CF0DC2BA}.Debug|Any CPU.ActiveCfg = Debug|Any CPU
		{52E402C2-0752-42E6-AEC7-BC19CF0DC2BA}.Debug|Any CPU.Build.0 = Debug|Any CPU
		{52E402C2-0752-42E6-AEC7-BC19CF0DC2BA}.Release|Any CPU.ActiveCfg = Release|Any CPU
		{52E402C2-0752-42E6-AEC7-BC19CF0DC2BA}.Release|Any CPU.Build.0 = Release|Any CPU
		{B25696BD-5281-4F35-A8A0-FF465F80EB82}.Debug|Any CPU.ActiveCfg = Debug|Any CPU
		{B25696BD-5281-4F35-A8A0-FF465F80EB82}.Debug|Any CPU.Build.0 = Debug|Any CPU
		{B25696BD-5281-4F35-A8A0-FF465F80EB82}.Release|Any CPU.ActiveCfg = Release|Any CPU
		{B25696BD-5281-4F35-A8A0-FF465F80EB82}.Release|Any CPU.Build.0 = Release|Any CPU
		{92512A4E-E8CC-431A-B295-459D53E11FAE}.Debug|Any CPU.ActiveCfg = Debug|Any CPU
		{92512A4E-E8CC-431A-B295-459D53E11FAE}.Debug|Any CPU.Build.0 = Debug|Any CPU
		{92512A4E-E8CC-431A-B295-459D53E11FAE}.Release|Any CPU.ActiveCfg = Release|Any CPU
		{92512A4E-E8CC-431A-B295-459D53E11FAE}.Release|Any CPU.Build.0 = Release|Any CPU
		{CEFCCDB1-6AD0-49A7-8A3B-E3C873BA61CC}.Debug|Any CPU.ActiveCfg = Debug|Any CPU
		{CEFCCDB1-6AD0-49A7-8A3B-E3C873BA61CC}.Debug|Any CPU.Build.0 = Debug|Any CPU
		{CEFCCDB1-6AD0-49A7-8A3B-E3C873BA61CC}.Release|Any CPU.ActiveCfg = Release|Any CPU
		{CEFCCDB1-6AD0-49A7-8A3B-E3C873BA61CC}.Release|Any CPU.Build.0 = Release|Any CPU
	EndGlobalSection
	GlobalSection(SolutionProperties) = preSolution
		HideSolutionNode = FALSE
	EndGlobalSection
	GlobalSection(ExtensibilityGlobals) = postSolution
		SolutionGuid = {5E9A9F43-05DA-4115-A01A-13CD1414E5A1}
	EndGlobalSection
EndGlobal
