
Microsoft Visual Studio Solution File, Format Version 12.00
# Visual Studio Version 16
VisualStudioVersion = 16.0.31515.178
MinimumVisualStudioVersion = 10.0.40219.1
Project("{FAE04EC0-301F-11D3-BF4B-00C04F79EFBC}") = "SecretChat", "SecretChat\SecretChat.csproj", "{875DA712-D15B-44C1-BC51-F6CCDD365589}"
EndProject
Project("{FAE04EC0-301F-11D3-BF4B-00C04F79EFBC}") = "MirrorWords", "MirrorWords\MirrorWords.csproj", "{5F18FF7D-F91A-4C22-99C3-92886FB3D724}"
EndProject
Project("{FAE04EC0-301F-11D3-BF4B-00C04F79EFBC}") = "NeedForSpeed", "NeedForSpeed\NeedForSpeed.csproj", "{24D2A1A9-96CB-41FC-8129-64F6CD057FDC}"
EndProject
Global
	GlobalSection(SolutionConfigurationPlatforms) = preSolution
		Debug|Any CPU = Debug|Any CPU
		Release|Any CPU = Release|Any CPU
	EndGlobalSection
	GlobalSection(ProjectConfigurationPlatforms) = postSolution
		{875DA712-D15B-44C1-BC51-F6CCDD365589}.Debug|Any CPU.ActiveCfg = Debug|Any CPU
		{875DA712-D15B-44C1-BC51-F6CCDD365589}.Debug|Any CPU.Build.0 = Debug|Any CPU
		{875DA712-D15B-44C1-BC51-F6CCDD365589}.Release|Any CPU.ActiveCfg = Release|Any CPU
		{875DA712-D15B-44C1-BC51-F6CCDD365589}.Release|Any CPU.Build.0 = Release|Any CPU
		{5F18FF7D-F91A-4C22-99C3-92886FB3D724}.Debug|Any CPU.ActiveCfg = Debug|Any CPU
		{5F18FF7D-F91A-4C22-99C3-92886FB3D724}.Debug|Any CPU.Build.0 = Debug|Any CPU
		{5F18FF7D-F91A-4C22-99C3-92886FB3D724}.Release|Any CPU.ActiveCfg = Release|Any CPU
		{5F18FF7D-F91A-4C22-99C3-92886FB3D724}.Release|Any CPU.Build.0 = Release|Any CPU
		{24D2A1A9-96CB-41FC-8129-64F6CD057FDC}.Debug|Any CPU.ActiveCfg = Debug|Any CPU
		{24D2A1A9-96CB-41FC-8129-64F6CD057FDC}.Debug|Any CPU.Build.0 = Debug|Any CPU
		{24D2A1A9-96CB-41FC-8129-64F6CD057FDC}.Release|Any CPU.ActiveCfg = Release|Any CPU
		{24D2A1A9-96CB-41FC-8129-64F6CD057FDC}.Release|Any CPU.Build.0 = Release|Any CPU
	EndGlobalSection
	GlobalSection(SolutionProperties) = preSolution
		HideSolutionNode = FALSE
	EndGlobalSection
	GlobalSection(ExtensibilityGlobals) = postSolution
		SolutionGuid = {AC064E09-CC32-4F6D-A60E-04715B6AAEF8}
	EndGlobalSection
EndGlobal
