
Microsoft Visual Studio Solution File, Format Version 12.00
# Visual Studio Version 16
VisualStudioVersion = 16.0.31729.503
MinimumVisualStudioVersion = 10.0.40219.1
Project("{FAE04EC0-301F-11D3-BF4B-00C04F79EFBC}") = "Vehicles", "Vehicles\Vehicles.csproj", "{BBCD4362-8EC8-4221-A51B-4A46ACA7B346}"
EndProject
Project("{FAE04EC0-301F-11D3-BF4B-00C04F79EFBC}") = "VehiclesExtension", "VehiclesExtension\VehiclesExtension.csproj", "{B4A00348-2EEF-4A41-8249-468492B22686}"
EndProject
Project("{FAE04EC0-301F-11D3-BF4B-00C04F79EFBC}") = "Raiding", "Raiding\Raiding.csproj", "{04748CBD-23C9-4E66-8A50-1A62BF734BE5}"
EndProject
Global
	GlobalSection(SolutionConfigurationPlatforms) = preSolution
		Debug|Any CPU = Debug|Any CPU
		Release|Any CPU = Release|Any CPU
	EndGlobalSection
	GlobalSection(ProjectConfigurationPlatforms) = postSolution
		{BBCD4362-8EC8-4221-A51B-4A46ACA7B346}.Debug|Any CPU.ActiveCfg = Debug|Any CPU
		{BBCD4362-8EC8-4221-A51B-4A46ACA7B346}.Debug|Any CPU.Build.0 = Debug|Any CPU
		{BBCD4362-8EC8-4221-A51B-4A46ACA7B346}.Release|Any CPU.ActiveCfg = Release|Any CPU
		{BBCD4362-8EC8-4221-A51B-4A46ACA7B346}.Release|Any CPU.Build.0 = Release|Any CPU
		{B4A00348-2EEF-4A41-8249-468492B22686}.Debug|Any CPU.ActiveCfg = Debug|Any CPU
		{B4A00348-2EEF-4A41-8249-468492B22686}.Debug|Any CPU.Build.0 = Debug|Any CPU
		{B4A00348-2EEF-4A41-8249-468492B22686}.Release|Any CPU.ActiveCfg = Release|Any CPU
		{B4A00348-2EEF-4A41-8249-468492B22686}.Release|Any CPU.Build.0 = Release|Any CPU
		{04748CBD-23C9-4E66-8A50-1A62BF734BE5}.Debug|Any CPU.ActiveCfg = Debug|Any CPU
		{04748CBD-23C9-4E66-8A50-1A62BF734BE5}.Debug|Any CPU.Build.0 = Debug|Any CPU
		{04748CBD-23C9-4E66-8A50-1A62BF734BE5}.Release|Any CPU.ActiveCfg = Release|Any CPU
		{04748CBD-23C9-4E66-8A50-1A62BF734BE5}.Release|Any CPU.Build.0 = Release|Any CPU
	EndGlobalSection
	GlobalSection(SolutionProperties) = preSolution
		HideSolutionNode = FALSE
	EndGlobalSection
	GlobalSection(ExtensibilityGlobals) = postSolution
		SolutionGuid = {FF03D25B-8B1F-49C2-A1DD-537B32E55F36}
	EndGlobalSection
EndGlobal
