
Microsoft Visual Studio Solution File, Format Version 12.00
# Visual Studio Version 16
VisualStudioVersion = 16.0.31729.503
MinimumVisualStudioVersion = 10.0.40219.1
Project("{FAE04EC0-301F-11D3-BF4B-00C04F79EFBC}") = "Masterchef", "Masterchef\Masterchef.csproj", "{79EC5FB9-AD25-40FD-9DDB-6331FB175AD7}"
EndProject
Project("{FAE04EC0-301F-11D3-BF4B-00C04F79EFBC}") = "Survivor", "Survivor\Survivor.csproj", "{94A16081-AD63-4A18-AC14-78CBC56FD84C}"
EndProject
Project("{9A19103F-16F7-4668-BE54-9A1E7A4F7556}") = "SkiRental", "SkiRental\SkiRental.csproj", "{D3EED427-1710-40DA-88EC-C3EB62FED3FC}"
EndProject
Global
	GlobalSection(SolutionConfigurationPlatforms) = preSolution
		Debug|Any CPU = Debug|Any CPU
		Release|Any CPU = Release|Any CPU
	EndGlobalSection
	GlobalSection(ProjectConfigurationPlatforms) = postSolution
		{79EC5FB9-AD25-40FD-9DDB-6331FB175AD7}.Debug|Any CPU.ActiveCfg = Debug|Any CPU
		{79EC5FB9-AD25-40FD-9DDB-6331FB175AD7}.Debug|Any CPU.Build.0 = Debug|Any CPU
		{79EC5FB9-AD25-40FD-9DDB-6331FB175AD7}.Release|Any CPU.ActiveCfg = Release|Any CPU
		{79EC5FB9-AD25-40FD-9DDB-6331FB175AD7}.Release|Any CPU.Build.0 = Release|Any CPU
		{94A16081-AD63-4A18-AC14-78CBC56FD84C}.Debug|Any CPU.ActiveCfg = Debug|Any CPU
		{94A16081-AD63-4A18-AC14-78CBC56FD84C}.Debug|Any CPU.Build.0 = Debug|Any CPU
		{94A16081-AD63-4A18-AC14-78CBC56FD84C}.Release|Any CPU.ActiveCfg = Release|Any CPU
		{94A16081-AD63-4A18-AC14-78CBC56FD84C}.Release|Any CPU.Build.0 = Release|Any CPU
		{D3EED427-1710-40DA-88EC-C3EB62FED3FC}.Debug|Any CPU.ActiveCfg = Debug|Any CPU
		{D3EED427-1710-40DA-88EC-C3EB62FED3FC}.Debug|Any CPU.Build.0 = Debug|Any CPU
		{D3EED427-1710-40DA-88EC-C3EB62FED3FC}.Release|Any CPU.ActiveCfg = Release|Any CPU
		{D3EED427-1710-40DA-88EC-C3EB62FED3FC}.Release|Any CPU.Build.0 = Release|Any CPU
	EndGlobalSection
	GlobalSection(SolutionProperties) = preSolution
		HideSolutionNode = FALSE
	EndGlobalSection
	GlobalSection(ExtensibilityGlobals) = postSolution
		SolutionGuid = {AFCD99E1-283A-46E4-B5DC-1809E8F7A062}
	EndGlobalSection
EndGlobal
