
Microsoft Visual Studio Solution File, Format Version 12.00
# Visual Studio Version 16
VisualStudioVersion = 16.0.31702.278
MinimumVisualStudioVersion = 10.0.40219.1
Project("{FAE04EC0-301F-11D3-BF4B-00C04F79EFBC}") = "CustomListClass", "CustomListClass\CustomListClass.csproj", "{6D88B2D1-5CC7-465F-AAB1-A4542AD17C75}"
EndProject
Global
	GlobalSection(SolutionConfigurationPlatforms) = preSolution
		Debug|Any CPU = Debug|Any CPU
		Release|Any CPU = Release|Any CPU
	EndGlobalSection
	GlobalSection(ProjectConfigurationPlatforms) = postSolution
		{6D88B2D1-5CC7-465F-AAB1-A4542AD17C75}.Debug|Any CPU.ActiveCfg = Debug|Any CPU
		{6D88B2D1-5CC7-465F-AAB1-A4542AD17C75}.Debug|Any CPU.Build.0 = Debug|Any CPU
		{6D88B2D1-5CC7-465F-AAB1-A4542AD17C75}.Release|Any CPU.ActiveCfg = Release|Any CPU
		{6D88B2D1-5CC7-465F-AAB1-A4542AD17C75}.Release|Any CPU.Build.0 = Release|Any CPU
	EndGlobalSection
	GlobalSection(SolutionProperties) = preSolution
		HideSolutionNode = FALSE
	EndGlobalSection
	GlobalSection(ExtensibilityGlobals) = postSolution
		SolutionGuid = {812A8055-2C7E-41A8-BEC3-BDDB567C309A}
	EndGlobalSection
EndGlobal
