
Microsoft Visual Studio Solution File, Format Version 12.00
# Visual Studio Version 16
VisualStudioVersion = 16.0.31727.386
MinimumVisualStudioVersion = 10.0.40219.1
Project("{FAE04EC0-301F-11D3-BF4B-00C04F79EFBC}") = "Library", "Library\Library.csproj", "{668F0126-41FD-4974-A046-49C481412C66}"
EndProject
Project("{FAE04EC0-301F-11D3-BF4B-00C04F79EFBC}") = "LibraryIterator", "LibraryIterator\LibraryIterator.csproj", "{CA0B321F-3078-43A5-A09E-40A96D58CEED}"
EndProject
Project("{FAE04EC0-301F-11D3-BF4B-00C04F79EFBC}") = "ComparableBook", "ComparableBook\ComparableBook.csproj", "{4ECCF24A-419A-4E3B-822C-8F17763CCD9D}"
EndProject
Project("{FAE04EC0-301F-11D3-BF4B-00C04F79EFBC}") = "BookComparerDemo", "BookComparerDemo\BookComparerDemo.csproj", "{C5FD96BE-577B-4459-A1CC-C749477B75BC}"
EndProject
Global
	GlobalSection(SolutionConfigurationPlatforms) = preSolution
		Debug|Any CPU = Debug|Any CPU
		Release|Any CPU = Release|Any CPU
	EndGlobalSection
	GlobalSection(ProjectConfigurationPlatforms) = postSolution
		{668F0126-41FD-4974-A046-49C481412C66}.Debug|Any CPU.ActiveCfg = Debug|Any CPU
		{668F0126-41FD-4974-A046-49C481412C66}.Debug|Any CPU.Build.0 = Debug|Any CPU
		{668F0126-41FD-4974-A046-49C481412C66}.Release|Any CPU.ActiveCfg = Release|Any CPU
		{668F0126-41FD-4974-A046-49C481412C66}.Release|Any CPU.Build.0 = Release|Any CPU
		{CA0B321F-3078-43A5-A09E-40A96D58CEED}.Debug|Any CPU.ActiveCfg = Debug|Any CPU
		{CA0B321F-3078-43A5-A09E-40A96D58CEED}.Debug|Any CPU.Build.0 = Debug|Any CPU
		{CA0B321F-3078-43A5-A09E-40A96D58CEED}.Release|Any CPU.ActiveCfg = Release|Any CPU
		{CA0B321F-3078-43A5-A09E-40A96D58CEED}.Release|Any CPU.Build.0 = Release|Any CPU
		{4ECCF24A-419A-4E3B-822C-8F17763CCD9D}.Debug|Any CPU.ActiveCfg = Debug|Any CPU
		{4ECCF24A-419A-4E3B-822C-8F17763CCD9D}.Debug|Any CPU.Build.0 = Debug|Any CPU
		{4ECCF24A-419A-4E3B-822C-8F17763CCD9D}.Release|Any CPU.ActiveCfg = Release|Any CPU
		{4ECCF24A-419A-4E3B-822C-8F17763CCD9D}.Release|Any CPU.Build.0 = Release|Any CPU
		{C5FD96BE-577B-4459-A1CC-C749477B75BC}.Debug|Any CPU.ActiveCfg = Debug|Any CPU
		{C5FD96BE-577B-4459-A1CC-C749477B75BC}.Debug|Any CPU.Build.0 = Debug|Any CPU
		{C5FD96BE-577B-4459-A1CC-C749477B75BC}.Release|Any CPU.ActiveCfg = Release|Any CPU
		{C5FD96BE-577B-4459-A1CC-C749477B75BC}.Release|Any CPU.Build.0 = Release|Any CPU
	EndGlobalSection
	GlobalSection(SolutionProperties) = preSolution
		HideSolutionNode = FALSE
	EndGlobalSection
	GlobalSection(ExtensibilityGlobals) = postSolution
		SolutionGuid = {ED22B5C5-C07A-47CF-9361-B9F184177816}
	EndGlobalSection
EndGlobal
