
Microsoft Visual Studio Solution File, Format Version 12.00
# Visual Studio Version 16
VisualStudioVersion = 16.0.31729.503
MinimumVisualStudioVersion = 10.0.40219.1
Project("{FAE04EC0-301F-11D3-BF4B-00C04F79EFBC}") = "Bombs", "Bombs\Bombs.csproj", "{B74760BB-2793-427B-9461-68F563037A72}"
EndProject
Project("{FAE04EC0-301F-11D3-BF4B-00C04F79EFBC}") = "Snake", "Snake\Snake.csproj", "{B8F96F17-29E4-440E-B8FD-ECF3F1842FAD}"
EndProject
Project("{9A19103F-16F7-4668-BE54-9A1E7A4F7556}") = "Parking", "Parking\Parking\Parking.csproj", "{B0FF4E05-9E66-43E7-AFDC-9472ECDC3C91}"
EndProject
Global
	GlobalSection(SolutionConfigurationPlatforms) = preSolution
		Debug|Any CPU = Debug|Any CPU
		Release|Any CPU = Release|Any CPU
	EndGlobalSection
	GlobalSection(ProjectConfigurationPlatforms) = postSolution
		{B74760BB-2793-427B-9461-68F563037A72}.Debug|Any CPU.ActiveCfg = Debug|Any CPU
		{B74760BB-2793-427B-9461-68F563037A72}.Debug|Any CPU.Build.0 = Debug|Any CPU
		{B74760BB-2793-427B-9461-68F563037A72}.Release|Any CPU.ActiveCfg = Release|Any CPU
		{B74760BB-2793-427B-9461-68F563037A72}.Release|Any CPU.Build.0 = Release|Any CPU
		{B8F96F17-29E4-440E-B8FD-ECF3F1842FAD}.Debug|Any CPU.ActiveCfg = Debug|Any CPU
		{B8F96F17-29E4-440E-B8FD-ECF3F1842FAD}.Debug|Any CPU.Build.0 = Debug|Any CPU
		{B8F96F17-29E4-440E-B8FD-ECF3F1842FAD}.Release|Any CPU.ActiveCfg = Release|Any CPU
		{B8F96F17-29E4-440E-B8FD-ECF3F1842FAD}.Release|Any CPU.Build.0 = Release|Any CPU
		{B0FF4E05-9E66-43E7-AFDC-9472ECDC3C91}.Debug|Any CPU.ActiveCfg = Debug|Any CPU
		{B0FF4E05-9E66-43E7-AFDC-9472ECDC3C91}.Debug|Any CPU.Build.0 = Debug|Any CPU
		{B0FF4E05-9E66-43E7-AFDC-9472ECDC3C91}.Release|Any CPU.ActiveCfg = Release|Any CPU
		{B0FF4E05-9E66-43E7-AFDC-9472ECDC3C91}.Release|Any CPU.Build.0 = Release|Any CPU
	EndGlobalSection
	GlobalSection(SolutionProperties) = preSolution
		HideSolutionNode = FALSE
	EndGlobalSection
	GlobalSection(ExtensibilityGlobals) = postSolution
		SolutionGuid = {B3DE3D18-8BC3-4ADF-B26F-AABD135F9633}
	EndGlobalSection
EndGlobal
