
Microsoft Visual Studio Solution File, Format Version 12.00
# Visual Studio Version 16
VisualStudioVersion = 16.0.31702.278
MinimumVisualStudioVersion = 10.0.40219.1
Project("{FAE04EC0-301F-11D3-BF4B-00C04F79EFBC}") = "OddLines", "OddLines\OddLines.csproj", "{52A52C2E-910F-4AE6-ACC7-C787C460690B}"
EndProject
Project("{FAE04EC0-301F-11D3-BF4B-00C04F79EFBC}") = "LineNumbers", "LineNumbers\LineNumbers.csproj", "{00C03E04-3F3D-441A-8BAC-3339C5721BA6}"
EndProject
Project("{FAE04EC0-301F-11D3-BF4B-00C04F79EFBC}") = "WordCount", "WordCount\WordCount.csproj", "{237F78EF-0E0E-4306-A85D-7D5DD08A5E48}"
EndProject
Global
	GlobalSection(SolutionConfigurationPlatforms) = preSolution
		Debug|Any CPU = Debug|Any CPU
		Release|Any CPU = Release|Any CPU
	EndGlobalSection
	GlobalSection(ProjectConfigurationPlatforms) = postSolution
		{52A52C2E-910F-4AE6-ACC7-C787C460690B}.Debug|Any CPU.ActiveCfg = Debug|Any CPU
		{52A52C2E-910F-4AE6-ACC7-C787C460690B}.Debug|Any CPU.Build.0 = Debug|Any CPU
		{52A52C2E-910F-4AE6-ACC7-C787C460690B}.Release|Any CPU.ActiveCfg = Release|Any CPU
		{52A52C2E-910F-4AE6-ACC7-C787C460690B}.Release|Any CPU.Build.0 = Release|Any CPU
		{00C03E04-3F3D-441A-8BAC-3339C5721BA6}.Debug|Any CPU.ActiveCfg = Debug|Any CPU
		{00C03E04-3F3D-441A-8BAC-3339C5721BA6}.Debug|Any CPU.Build.0 = Debug|Any CPU
		{00C03E04-3F3D-441A-8BAC-3339C5721BA6}.Release|Any CPU.ActiveCfg = Release|Any CPU
		{00C03E04-3F3D-441A-8BAC-3339C5721BA6}.Release|Any CPU.Build.0 = Release|Any CPU
		{237F78EF-0E0E-4306-A85D-7D5DD08A5E48}.Debug|Any CPU.ActiveCfg = Debug|Any CPU
		{237F78EF-0E0E-4306-A85D-7D5DD08A5E48}.Debug|Any CPU.Build.0 = Debug|Any CPU
		{237F78EF-0E0E-4306-A85D-7D5DD08A5E48}.Release|Any CPU.ActiveCfg = Release|Any CPU
		{237F78EF-0E0E-4306-A85D-7D5DD08A5E48}.Release|Any CPU.Build.0 = Release|Any CPU
	EndGlobalSection
	GlobalSection(SolutionProperties) = preSolution
		HideSolutionNode = FALSE
	EndGlobalSection
	GlobalSection(ExtensibilityGlobals) = postSolution
		SolutionGuid = {A3E8D758-C5F1-4A62-8CBE-D0C5E62B5AA4}
	EndGlobalSection
EndGlobal
