
Microsoft Visual Studio Solution File, Format Version 12.00
# Visual Studio Version 16
VisualStudioVersion = 16.0.31702.278
MinimumVisualStudioVersion = 10.0.40219.1
Project("{9A19103F-16F7-4668-BE54-9A1E7A4F7556}") = "OddLines", "OddLines\OddLines.csproj", "{52A52C2E-910F-4AE6-ACC7-C787C460690B}"
EndProject
Project("{9A19103F-16F7-4668-BE54-9A1E7A4F7556}") = "LineNumbers", "LineNumbers\LineNumbers.csproj", "{00C03E04-3F3D-441A-8BAC-3339C5721BA6}"
EndProject
Project("{9A19103F-16F7-4668-BE54-9A1E7A4F7556}") = "WordCount", "WordCount\WordCount.csproj", "{237F78EF-0E0E-4306-A85D-7D5DD08A5E48}"
EndProject
Project("{FAE04EC0-301F-11D3-BF4B-00C04F79EFBC}") = "MergeFiles", "MergeFiles\MergeFiles.csproj", "{9C52EF62-283B-41EA-99D6-00B426BE7CD8}"
EndProject
Project("{FAE04EC0-301F-11D3-BF4B-00C04F79EFBC}") = "SliceFile", "SliceFile\SliceFile.csproj", "{09561983-6951-41A8-BFB1-F78455EA02AC}"
EndProject
Project("{FAE04EC0-301F-11D3-BF4B-00C04F79EFBC}") = "FolderSize", "FolderSize\FolderSize.csproj", "{F9A34F99-828F-41E4-80AB-1088865C34F4}"
EndProject
Global
	GlobalSection(SolutionConfigurationPlatforms) = preSolution
		Debug|Any CPU = Debug|Any CPU
		Release|Any CPU = Release|Any CPU
	EndGlobalSection
	GlobalSection(ProjectConfigurationPlatforms) = postSolution
		{52A52C2E-910F-4AE6-ACC7-C787C460690B}.Debug|Any CPU.ActiveCfg = Debug|Any CPU
		{52A52C2E-910F-4AE6-ACC7-C787C460690B}.Debug|Any CPU.Build.0 = Debug|Any CPU
		{52A52C2E-910F-4AE6-ACC7-C787C460690B}.Release|Any CPU.ActiveCfg = Release|Any CPU
		{52A52C2E-910F-4AE6-ACC7-C787C460690B}.Release|Any CPU.Build.0 = Release|Any CPU
		{00C03E04-3F3D-441A-8BAC-3339C5721BA6}.Debug|Any CPU.ActiveCfg = Debug|Any CPU
		{00C03E04-3F3D-441A-8BAC-3339C5721BA6}.Debug|Any CPU.Build.0 = Debug|Any CPU
		{00C03E04-3F3D-441A-8BAC-3339C5721BA6}.Release|Any CPU.ActiveCfg = Release|Any CPU
		{00C03E04-3F3D-441A-8BAC-3339C5721BA6}.Release|Any CPU.Build.0 = Release|Any CPU
		{237F78EF-0E0E-4306-A85D-7D5DD08A5E48}.Debug|Any CPU.ActiveCfg = Debug|Any CPU
		{237F78EF-0E0E-4306-A85D-7D5DD08A5E48}.Debug|Any CPU.Build.0 = Debug|Any CPU
		{237F78EF-0E0E-4306-A85D-7D5DD08A5E48}.Release|Any CPU.ActiveCfg = Release|Any CPU
		{237F78EF-0E0E-4306-A85D-7D5DD08A5E48}.Release|Any CPU.Build.0 = Release|Any CPU
		{9C52EF62-283B-41EA-99D6-00B426BE7CD8}.Debug|Any CPU.ActiveCfg = Debug|Any CPU
		{9C52EF62-283B-41EA-99D6-00B426BE7CD8}.Debug|Any CPU.Build.0 = Debug|Any CPU
		{9C52EF62-283B-41EA-99D6-00B426BE7CD8}.Release|Any CPU.ActiveCfg = Release|Any CPU
		{9C52EF62-283B-41EA-99D6-00B426BE7CD8}.Release|Any CPU.Build.0 = Release|Any CPU
		{09561983-6951-41A8-BFB1-F78455EA02AC}.Debug|Any CPU.ActiveCfg = Debug|Any CPU
		{09561983-6951-41A8-BFB1-F78455EA02AC}.Debug|Any CPU.Build.0 = Debug|Any CPU
		{09561983-6951-41A8-BFB1-F78455EA02AC}.Release|Any CPU.ActiveCfg = Release|Any CPU
		{09561983-6951-41A8-BFB1-F78455EA02AC}.Release|Any CPU.Build.0 = Release|Any CPU
		{F9A34F99-828F-41E4-80AB-1088865C34F4}.Debug|Any CPU.ActiveCfg = Debug|Any CPU
		{F9A34F99-828F-41E4-80AB-1088865C34F4}.Debug|Any CPU.Build.0 = Debug|Any CPU
		{F9A34F99-828F-41E4-80AB-1088865C34F4}.Release|Any CPU.ActiveCfg = Release|Any CPU
		{F9A34F99-828F-41E4-80AB-1088865C34F4}.Release|Any CPU.Build.0 = Release|Any CPU
	EndGlobalSection
	GlobalSection(SolutionProperties) = preSolution
		HideSolutionNode = FALSE
	EndGlobalSection
	GlobalSection(ExtensibilityGlobals) = postSolution
		SolutionGuid = {A3E8D758-C5F1-4A62-8CBE-D0C5E62B5AA4}
	EndGlobalSection
EndGlobal
